
Microsoft Visual Studio Solution File, Format Version 12.00
Project("{FAE04EC0-301F-11D3-BF4B-00C04F79EFBC}") = "AiCalendarTelegramBot", "AiCalendarTelegramBot\AiCalendarTelegramBot.csproj", "{8C59CE5D-0194-4D5B-A56B-CE15BD9AF4A7}"
EndProject
Project("{FAE04EC0-301F-11D3-BF4B-00C04F79EFBC}") = "AiCalendar.Services", "AiCalendar.Services\AiCalendar.Services.csproj", "{6EEA69EC-DFD4-4B23-95A0-89C8451032A2}"
EndProject
Global
	GlobalSection(SolutionConfigurationPlatforms) = preSolution
		Debug|Any CPU = Debug|Any CPU
		Release|Any CPU = Release|Any CPU
	EndGlobalSection
	GlobalSection(ProjectConfigurationPlatforms) = postSolution
		{8C59CE5D-0194-4D5B-A56B-CE15BD9AF4A7}.Debug|Any CPU.ActiveCfg = Debug|Any CPU
		{8C59CE5D-0194-4D5B-A56B-CE15BD9AF4A7}.Debug|Any CPU.Build.0 = Debug|Any CPU
		{8C59CE5D-0194-4D5B-A56B-CE15BD9AF4A7}.Release|Any CPU.ActiveCfg = Release|Any CPU
		{8C59CE5D-0194-4D5B-A56B-CE15BD9AF4A7}.Release|Any CPU.Build.0 = Release|Any CPU
		{6EEA69EC-DFD4-4B23-95A0-89C8451032A2}.Debug|Any CPU.ActiveCfg = Debug|Any CPU
		{6EEA69EC-DFD4-4B23-95A0-89C8451032A2}.Debug|Any CPU.Build.0 = Debug|Any CPU
		{6EEA69EC-DFD4-4B23-95A0-89C8451032A2}.Release|Any CPU.ActiveCfg = Release|Any CPU
		{6EEA69EC-DFD4-4B23-95A0-89C8451032A2}.Release|Any CPU.Build.0 = Release|Any CPU
	EndGlobalSection
EndGlobal
